// !$*UTF8*$!
{
	archiveVersion = 1;
	classes = {
	};
	objectVersion = 46;
	objects = {

/* Begin PBXBuildFile section */
		D89CDC861A2B475F0034B26A /* ISArgumentParserTests.m in Sources */ = {isa = PBXBuildFile; fileRef = D89CDC851A2B475F0034B26A /* ISArgumentParserTests.m */; };
/* End PBXBuildFile section */

/* Begin PBXFileReference section */
		D89CDC801A2B475F0034B26A /* ISArgumentParserTests.xctest */ = {isa = PBXFileReference; explicitFileType = wrapper.cfbundle; includeInIndex = 0; path = ISArgumentParserTests.xctest; sourceTree = BUILT_PRODUCTS_DIR; };
		D89CDC841A2B475F0034B26A /* Info.plist */ = {isa = PBXFileReference; lastKnownFileType = text.plist.xml; path = Info.plist; sourceTree = "<group>"; };
		D89CDC851A2B475F0034B26A /* ISArgumentParserTests.m */ = {isa = PBXFileReference; lastKnownFileType = sourcecode.c.objc; path = ISArgumentParserTests.m; sourceTree = "<group>"; };
/* End PBXFileReference section */

/* Begin PBXFrameworksBuildPhase section */
		D89CDC7D1A2B475F0034B26A /* Frameworks */ = {
			isa = PBXFrameworksBuildPhase;
			buildActionMask = 2147483647;
			files = (
			);
			runOnlyForDeploymentPostprocessing = 0;
		};
/* End PBXFrameworksBuildPhase section */

/* Begin PBXGroup section */
		D89CDC751A2B47410034B26A = {
			isa = PBXGroup;
			children = (
				D89CDC821A2B475F0034B26A /* ISArgumentParserTests */,
				D89CDC811A2B475F0034B26A /* Products */,
			);
			sourceTree = "<group>";
		};
		D89CDC811A2B475F0034B26A /* Products */ = {
			isa = PBXGroup;
			children = (
				D89CDC801A2B475F0034B26A /* ISArgumentParserTests.xctest */,
			);
			name = Products;
			sourceTree = "<group>";
		};
		D89CDC821A2B475F0034B26A /* ISArgumentParserTests */ = {
			isa = PBXGroup;
			children = (
				D89CDC851A2B475F0034B26A /* ISArgumentParserTests.m */,
				D89CDC831A2B475F0034B26A /* Supporting Files */,
			);
			path = ISArgumentParserTests;
			sourceTree = "<group>";
		};
		D89CDC831A2B475F0034B26A /* Supporting Files */ = {
			isa = PBXGroup;
			children = (
				D89CDC841A2B475F0034B26A /* Info.plist */,
			);
			name = "Supporting Files";
			sourceTree = "<group>";
		};
/* End PBXGroup section */

/* Begin PBXNativeTarget section */
		D89CDC7F1A2B475F0034B26A /* ISArgumentParserTests */ = {
			isa = PBXNativeTarget;
			buildConfigurationList = D89CDC871A2B475F0034B26A /* Build configuration list for PBXNativeTarget "ISArgumentParserTests" */;
			buildPhases = (
				D89CDC7C1A2B475F0034B26A /* Sources */,
				D89CDC7D1A2B475F0034B26A /* Frameworks */,
				D89CDC7E1A2B475F0034B26A /* Resources */,
			);
			buildRules = (
			);
			dependencies = (
			);
			name = ISArgumentParserTests;
			productName = ISArgumentParserTests;
			productReference = D89CDC801A2B475F0034B26A /* ISArgumentParserTests.xctest */;
			productType = "com.apple.product-type.bundle.unit-test";
		};
/* End PBXNativeTarget section */

/* Begin PBXProject section */
		D89CDC761A2B47410034B26A /* Project object */ = {
			isa = PBXProject;
			attributes = {
				LastUpgradeCheck = 0600;
				TargetAttributes = {
					D89CDC7F1A2B475F0034B26A = {
						CreatedOnToolsVersion = 6.0;
					};
				};
			};
			buildConfigurationList = D89CDC791A2B47410034B26A /* Build configuration list for PBXProject "ISArgumentParserTests" */;
			compatibilityVersion = "Xcode 3.2";
			developmentRegion = English;
			hasScannedForEncodings = 0;
			knownRegions = (
				en,
			);
			mainGroup = D89CDC751A2B47410034B26A;
			productRefGroup = D89CDC811A2B475F0034B26A /* Products */;
			projectDirPath = "";
			projectRoot = "";
			targets = (
				D89CDC7F1A2B475F0034B26A /* ISArgumentParserTests */,
			);
		};
/* End PBXProject section */

/* Begin PBXResourcesBuildPhase section */
		D89CDC7E1A2B475F0034B26A /* Resources */ = {
			isa = PBXResourcesBuildPhase;
			buildActionMask = 2147483647;
			files = (
			);
			runOnlyForDeploymentPostprocessing = 0;
		};
/* End PBXResourcesBuildPhase section */

/* Begin PBXSourcesBuildPhase section */
		D89CDC7C1A2B475F0034B26A /* Sources */ = {
			isa = PBXSourcesBuildPhase;
			buildActionMask = 2147483647;
			files = (
				D89CDC861A2B475F0034B26A /* ISArgumentParserTests.m in Sources */,
			);
			runOnlyForDeploymentPostprocessing = 0;
		};
/* End PBXSourcesBuildPhase section */

/* Begin XCBuildConfiguration section */
		D89CDC7A1A2B47410034B26A /* Debug */ = {
			isa = XCBuildConfiguration;
			buildSettings = {
			};
			name = Debug;
		};
		D89CDC7B1A2B47410034B26A /* Release */ = {
			isa = XCBuildConfiguration;
			buildSettings = {
			};
			name = Release;
		};
		D89CDC881A2B475F0034B26A /* Debug */ = {
			isa = XCBuildConfiguration;
			buildSettings = {
				ALWAYS_SEARCH_USER_PATHS = NO;
				CLANG_CXX_LANGUAGE_STANDARD = "gnu++0x";
				CLANG_CXX_LIBRARY = "libc++";
				CLANG_ENABLE_MODULES = YES;
				CLANG_ENABLE_OBJC_ARC = YES;
				CLANG_WARN_BOOL_CONVERSION = YES;
				CLANG_WARN_CONSTANT_CONVERSION = YES;
				CLANG_WARN_DIRECT_OBJC_ISA_USAGE = YES_ERROR;
				CLANG_WARN_EMPTY_BODY = YES;
				CLANG_WARN_ENUM_CONVERSION = YES;
				CLANG_WARN_INT_CONVERSION = YES;
				CLANG_WARN_OBJC_ROOT_CLASS = YES_ERROR;
				CLANG_WARN_UNREACHABLE_CODE = YES;
				CLANG_WARN__DUPLICATE_METHOD_MATCH = YES;
				COMBINE_HIDPI_IMAGES = YES;
				COPY_PHASE_STRIP = NO;
				ENABLE_STRICT_OBJC_MSGSEND = YES;
				FRAMEWORK_SEARCH_PATHS = (
					"$(DEVELOPER_FRAMEWORKS_DIR)",
					"$(inherited)",
				);
				GCC_C_LANGUAGE_STANDARD = gnu99;
				GCC_DYNAMIC_NO_PIC = NO;
				GCC_OPTIMIZATION_LEVEL = 0;
				GCC_PREPROCESSOR_DEFINITIONS = (
					"DEBUG=1",
					"$(inherited)",
				);
				GCC_SYMBOLS_PRIVATE_EXTERN = NO;
				GCC_WARN_64_TO_32_BIT_CONVERSION = YES;
				GCC_WARN_ABOUT_RETURN_TYPE = YES_ERROR;
				GCC_WARN_UNDECLARED_SELECTOR = YES;
				GCC_WARN_UNINITIALIZED_AUTOS = YES_AGGRESSIVE;
				GCC_WARN_UNUSED_FUNCTION = YES;
				GCC_WARN_UNUSED_VARIABLE = YES;
				INFOPLIST_FILE = ISArgumentParserTests/Info.plist;
				LD_RUNPATH_SEARCH_PATHS = "$(inherited) @executable_path/../Frameworks @loader_path/../Frameworks";
				MACOSX_DEPLOYMENT_TARGET = 10.10;
				MTL_ENABLE_DEBUG_INFO = YES;
				ONLY_ACTIVE_ARCH = YES;
				PRODUCT_NAME = "$(TARGET_NAME)";
				SDKROOT = macosx;
			};
			name = Debug;
		};
		D89CDC891A2B475F0034B26A /* Release */ = {
			isa = XCBuildConfiguration;
			buildSettings = {
				ALWAYS_SEARCH_USER_PATHS = NO;
				CLANG_CXX_LANGUAGE_STANDARD = "gnu++0x";
				CLANG_CXX_LIBRARY = "libc++";
				CLANG_ENABLE_MODULES = YES;
				CLANG_ENABLE_OBJC_ARC = YES;
				CLANG_WARN_BOOL_CONVERSION = YES;
				CLANG_WARN_CONSTANT_CONVERSION = YES;
				CLANG_WARN_DIRECT_OBJC_ISA_USAGE = YES_ERROR;
				CLANG_WARN_EMPTY_BODY = YES;
				CLANG_WARN_ENUM_CONVERSION = YES;
				CLANG_WARN_INT_CONVERSION = YES;
				CLANG_WARN_OBJC_ROOT_CLASS = YES_ERROR;
				CLANG_WARN_UNREACHABLE_CODE = YES;
				CLANG_WARN__DUPLICATE_METHOD_MATCH = YES;
				COMBINE_HIDPI_IMAGES = YES;
				COPY_PHASE_STRIP = YES;
				DEBUG_INFORMATION_FORMAT = "dwarf-with-dsym";
				ENABLE_NS_ASSERTIONS = NO;
				ENABLE_STRICT_OBJC_MSGSEND = YES;
				FRAMEWORK_SEARCH_PATHS = (
					"$(DEVELOPER_FRAMEWORKS_DIR)",
					"$(inherited)",
				);
				GCC_C_LANGUAGE_STANDARD = gnu99;
				GCC_WARN_64_TO_32_BIT_CONVERSION = YES;
				GCC_WARN_ABOUT_RETURN_TYPE = YES_ERROR;
				GCC_WARN_UNDECLARED_SELECTOR = YES;
				GCC_WARN_UNINITIALIZED_AUTOS = YES_AGGRESSIVE;
				GCC_WARN_UNUSED_FUNCTION = YES;
				GCC_WARN_UNUSED_VARIABLE = YES;
				INFOPLIST_FILE = ISArgumentParserTests/Info.plist;
				LD_RUNPATH_SEARCH_PATHS = "$(inherited) @executable_path/../Frameworks @loader_path/../Frameworks";
				MACOSX_DEPLOYMENT_TARGET = 10.10;
				MTL_ENABLE_DEBUG_INFO = NO;
				PRODUCT_NAME = "$(TARGET_NAME)";
				SDKROOT = macosx;
			};
			name = Release;
		};
/* End XCBuildConfiguration section */

/* Begin XCConfigurationList section */
		D89CDC791A2B47410034B26A /* Build configuration list for PBXProject "ISArgumentParserTests" */ = {
			isa = XCConfigurationList;
			buildConfigurations = (
				D89CDC7A1A2B47410034B26A /* Debug */,
				D89CDC7B1A2B47410034B26A /* Release */,
			);
			defaultConfigurationIsVisible = 0;
			defaultConfigurationName = Release;
		};
		D89CDC871A2B475F0034B26A /* Build configuration list for PBXNativeTarget "ISArgumentParserTests" */ = {
			isa = XCConfigurationList;
			buildConfigurations = (
				D89CDC881A2B475F0034B26A /* Debug */,
				D89CDC891A2B475F0034B26A /* Release */,
			);
			defaultConfigurationIsVisible = 0;
		};
/* End XCConfigurationList section */
	};
	rootObject = D89CDC761A2B47410034B26A /* Project object */;
}
